
Microsoft Visual Studio Solution File, Format Version 12.00
# Visual Studio Version 17
VisualStudioVersion = 17.7.34221.43
MinimumVisualStudioVersion = 10.0.40219.1
Project("{FAE04EC0-301F-11D3-BF4B-00C04F79EFBC}") = "SequenceChecker", "SequenceChecker\SequenceChecker.csproj", "{9DB8097D-B707-4F42-86A4-7D376A0CC7FA}"
EndProject
Project("{9A19103F-16F7-4668-BE54-9A1E7A4F7556}") = "TestProject2", "TestProject2\TestProject2.csproj", "{F3B7226A-7901-4F39-AA62-51774795FD22}"
EndProject
Global
	GlobalSection(SolutionConfigurationPlatforms) = preSolution
		Debug|Any CPU = Debug|Any CPU
		Release|Any CPU = Release|Any CPU
	EndGlobalSection
	GlobalSection(ProjectConfigurationPlatforms) = postSolution
		{9DB8097D-B707-4F42-86A4-7D376A0CC7FA}.Debug|Any CPU.ActiveCfg = Debug|Any CPU
		{9DB8097D-B707-4F42-86A4-7D376A0CC7FA}.Debug|Any CPU.Build.0 = Debug|Any CPU
		{9DB8097D-B707-4F42-86A4-7D376A0CC7FA}.Release|Any CPU.ActiveCfg = Release|Any CPU
		{9DB8097D-B707-4F42-86A4-7D376A0CC7FA}.Release|Any CPU.Build.0 = Release|Any CPU
		{F3B7226A-7901-4F39-AA62-51774795FD22}.Debug|Any CPU.ActiveCfg = Debug|Any CPU
		{F3B7226A-7901-4F39-AA62-51774795FD22}.Debug|Any CPU.Build.0 = Debug|Any CPU
		{F3B7226A-7901-4F39-AA62-51774795FD22}.Release|Any CPU.ActiveCfg = Release|Any CPU
		{F3B7226A-7901-4F39-AA62-51774795FD22}.Release|Any CPU.Build.0 = Release|Any CPU
	EndGlobalSection
	GlobalSection(SolutionProperties) = preSolution
		HideSolutionNode = FALSE
	EndGlobalSection
	GlobalSection(ExtensibilityGlobals) = postSolution
		SolutionGuid = {BADDA488-0393-449D-AD04-B9F14DA23FB4}
	EndGlobalSection
EndGlobal
